
Microsoft Visual Studio Solution File, Format Version 12.00
# Visual Studio Version 17
VisualStudioVersion = 17.5.33502.453
MinimumVisualStudioVersion = 10.0.40219.1
Project("{FAE04EC0-301F-11D3-BF4B-00C04F79EFBC}") = "CrudLuizFelipe", "CrudLuizFelipe.csproj", "{AC5B31A0-67E3-48EF-BC48-09E050779730}"
EndProject
Global
	GlobalSection(SolutionConfigurationPlatforms) = preSolution
		Debug|Any CPU = Debug|Any CPU
		Release|Any CPU = Release|Any CPU
	EndGlobalSection
	GlobalSection(ProjectConfigurationPlatforms) = postSolution
		{AC5B31A0-67E3-48EF-BC48-09E050779730}.Debug|Any CPU.ActiveCfg = Debug|Any CPU
		{AC5B31A0-67E3-48EF-BC48-09E050779730}.Debug|Any CPU.Build.0 = Debug|Any CPU
		{AC5B31A0-67E3-48EF-BC48-09E050779730}.Release|Any CPU.ActiveCfg = Release|Any CPU
		{AC5B31A0-67E3-48EF-BC48-09E050779730}.Release|Any CPU.Build.0 = Release|Any CPU
	EndGlobalSection
	GlobalSection(SolutionProperties) = preSolution
		HideSolutionNode = FALSE
	EndGlobalSection
	GlobalSection(ExtensibilityGlobals) = postSolution
		SolutionGuid = {B4C5BB6C-9086-45F5-A225-00E31B1E9EFF}
	EndGlobalSection
EndGlobal
